
Microsoft Visual Studio Solution File, Format Version 12.00
# Visual Studio 15
VisualStudioVersion = 15.0.28307.645
MinimumVisualStudioVersion = 10.0.40219.1
Project("{FAE04EC0-301F-11D3-BF4B-00C04F79EFBC}") = "Voltali", "Voltali\Voltali.csproj", "{39F9B92D-3AAD-4EA6-84EC-ABCFFD645D40}"
EndProject
Global
	GlobalSection(SolutionConfigurationPlatforms) = preSolution
		Debug|Any CPU = Debug|Any CPU
		Release|Any CPU = Release|Any CPU
	EndGlobalSection
	GlobalSection(ProjectConfigurationPlatforms) = postSolution
		{39F9B92D-3AAD-4EA6-84EC-ABCFFD645D40}.Debug|Any CPU.ActiveCfg = Debug|Any CPU
		{39F9B92D-3AAD-4EA6-84EC-ABCFFD645D40}.Debug|Any CPU.Build.0 = Debug|Any CPU
		{39F9B92D-3AAD-4EA6-84EC-ABCFFD645D40}.Release|Any CPU.ActiveCfg = Release|Any CPU
		{39F9B92D-3AAD-4EA6-84EC-ABCFFD645D40}.Release|Any CPU.Build.0 = Release|Any CPU
	EndGlobalSection
	GlobalSection(SolutionProperties) = preSolution
		HideSolutionNode = FALSE
	EndGlobalSection
	GlobalSection(ExtensibilityGlobals) = postSolution
		SolutionGuid = {F9A4AD4C-C456-4D2C-8A1C-114D9BD09911}
	EndGlobalSection
EndGlobal
